
Microsoft Visual Studio Solution File, Format Version 12.00
# Visual Studio Version 17
VisualStudioVersion = 17.11.35312.102
MinimumVisualStudioVersion = 10.0.40219.1
Project("{FAE04EC0-301F-11D3-BF4B-00C04F79EFBC}") = "Aula_19-03_Nome_Minusculo", "Aula_19-03_Nome_Minusculo.csproj", "{91C8A9A3-E4B4-4EBA-9AD4-C7888567BC99}"
EndProject
Global
	GlobalSection(SolutionConfigurationPlatforms) = preSolution
		Debug|Any CPU = Debug|Any CPU
		Release|Any CPU = Release|Any CPU
	EndGlobalSection
	GlobalSection(ProjectConfigurationPlatforms) = postSolution
		{91C8A9A3-E4B4-4EBA-9AD4-C7888567BC99}.Debug|Any CPU.ActiveCfg = Debug|Any CPU
		{91C8A9A3-E4B4-4EBA-9AD4-C7888567BC99}.Debug|Any CPU.Build.0 = Debug|Any CPU
		{91C8A9A3-E4B4-4EBA-9AD4-C7888567BC99}.Release|Any CPU.ActiveCfg = Release|Any CPU
		{91C8A9A3-E4B4-4EBA-9AD4-C7888567BC99}.Release|Any CPU.Build.0 = Release|Any CPU
	EndGlobalSection
	GlobalSection(SolutionProperties) = preSolution
		HideSolutionNode = FALSE
	EndGlobalSection
	GlobalSection(ExtensibilityGlobals) = postSolution
		SolutionGuid = {5A5C8BD9-FE7E-4C85-B7C7-C98F2E4D768A}
	EndGlobalSection
EndGlobal
